
Microsoft Visual Studio Solution File, Format Version 12.00
# Visual Studio Version 16
VisualStudioVersion = 16.0.31624.102
MinimumVisualStudioVersion = 10.0.40219.1
Project("{FAE04EC0-301F-11D3-BF4B-00C04F79EFBC}") = "ITM320_SimpleFit_Health_App-Final_Project", "ITM320_SimpleFit_Health_App-Final_Project\ITM320_SimpleFit_Health_App-Final_Project.csproj", "{E89A213F-7CA1-42DC-894A-2154A4EEA3FF}"
EndProject
Global
	GlobalSection(SolutionConfigurationPlatforms) = preSolution
		Debug|Any CPU = Debug|Any CPU
		Release|Any CPU = Release|Any CPU
	EndGlobalSection
	GlobalSection(ProjectConfigurationPlatforms) = postSolution
		{E89A213F-7CA1-42DC-894A-2154A4EEA3FF}.Debug|Any CPU.ActiveCfg = Debug|Any CPU
		{E89A213F-7CA1-42DC-894A-2154A4EEA3FF}.Debug|Any CPU.Build.0 = Debug|Any CPU
		{E89A213F-7CA1-42DC-894A-2154A4EEA3FF}.Release|Any CPU.ActiveCfg = Release|Any CPU
		{E89A213F-7CA1-42DC-894A-2154A4EEA3FF}.Release|Any CPU.Build.0 = Release|Any CPU
	EndGlobalSection
	GlobalSection(SolutionProperties) = preSolution
		HideSolutionNode = FALSE
	EndGlobalSection
	GlobalSection(ExtensibilityGlobals) = postSolution
		SolutionGuid = {25475C2A-DB32-4A5F-8BB3-CB4C0D2ED044}
	EndGlobalSection
EndGlobal
