
Microsoft Visual Studio Solution File, Format Version 12.00
# Visual Studio Version 17
VisualStudioVersion = 17.5.33414.496
MinimumVisualStudioVersion = 10.0.40219.1
Project("{FAE04EC0-301F-11D3-BF4B-00C04F79EFBC}") = "ITM320_FinalProj_MitchDLL", "ITM320_FinalProj_MitchDLL.csproj", "{AFA495F0-4CE8-40F9-BB71-6B4143622276}"
EndProject
Global
	GlobalSection(SolutionConfigurationPlatforms) = preSolution
		Debug|Any CPU = Debug|Any CPU
		Release|Any CPU = Release|Any CPU
	EndGlobalSection
	GlobalSection(ProjectConfigurationPlatforms) = postSolution
		{AFA495F0-4CE8-40F9-BB71-6B4143622276}.Debug|Any CPU.ActiveCfg = Debug|Any CPU
		{AFA495F0-4CE8-40F9-BB71-6B4143622276}.Debug|Any CPU.Build.0 = Debug|Any CPU
		{AFA495F0-4CE8-40F9-BB71-6B4143622276}.Release|Any CPU.ActiveCfg = Release|Any CPU
		{AFA495F0-4CE8-40F9-BB71-6B4143622276}.Release|Any CPU.Build.0 = Release|Any CPU
	EndGlobalSection
	GlobalSection(SolutionProperties) = preSolution
		HideSolutionNode = FALSE
	EndGlobalSection
	GlobalSection(ExtensibilityGlobals) = postSolution
		SolutionGuid = {CAD52EB7-9F59-44E4-82EA-4B3FF04F73D1}
	EndGlobalSection
EndGlobal
