
Microsoft Visual Studio Solution File, Format Version 12.00
# Visual Studio Version 16
VisualStudioVersion = 16.0.31624.102
MinimumVisualStudioVersion = 10.0.40219.1
Project("{FAE04EC0-301F-11D3-BF4B-00C04F79EFBC}") = "ITM320_JohannesDLL", "ITM320_JohannesDLL\ITM320_JohannesDLL.csproj", "{C54772FF-8289-4C84-86CA-0218A341D372}"
EndProject
Global
	GlobalSection(SolutionConfigurationPlatforms) = preSolution
		Debug|Any CPU = Debug|Any CPU
		Release|Any CPU = Release|Any CPU
	EndGlobalSection
	GlobalSection(ProjectConfigurationPlatforms) = postSolution
		{C54772FF-8289-4C84-86CA-0218A341D372}.Debug|Any CPU.ActiveCfg = Debug|Any CPU
		{C54772FF-8289-4C84-86CA-0218A341D372}.Debug|Any CPU.Build.0 = Debug|Any CPU
		{C54772FF-8289-4C84-86CA-0218A341D372}.Release|Any CPU.ActiveCfg = Release|Any CPU
		{C54772FF-8289-4C84-86CA-0218A341D372}.Release|Any CPU.Build.0 = Release|Any CPU
	EndGlobalSection
	GlobalSection(SolutionProperties) = preSolution
		HideSolutionNode = FALSE
	EndGlobalSection
	GlobalSection(ExtensibilityGlobals) = postSolution
		SolutionGuid = {0E2AE2E7-95D6-4A67-BBC1-0F9E2C067078}
	EndGlobalSection
EndGlobal
